
Microsoft Visual Studio Solution File, Format Version 12.00
# Visual Studio Version 16
VisualStudioVersion = 16.0.28803.452
MinimumVisualStudioVersion = 10.0.40219.1
Project("{FAE04EC0-301F-11D3-BF4B-00C04F79EFBC}") = "Blog", "Blog\Blog.csproj", "{FCB78FC1-B2F2-4616-A138-E3D88CACFF4A}"
EndProject
Global
	GlobalSection(SolutionConfigurationPlatforms) = preSolution
		Debug|Any CPU = Debug|Any CPU
		Release|Any CPU = Release|Any CPU
	EndGlobalSection
	GlobalSection(ProjectConfigurationPlatforms) = postSolution
		{FCB78FC1-B2F2-4616-A138-E3D88CACFF4A}.Debug|Any CPU.ActiveCfg = Debug|Any CPU
		{FCB78FC1-B2F2-4616-A138-E3D88CACFF4A}.Debug|Any CPU.Build.0 = Debug|Any CPU
		{FCB78FC1-B2F2-4616-A138-E3D88CACFF4A}.Release|Any CPU.ActiveCfg = Release|Any CPU
		{FCB78FC1-B2F2-4616-A138-E3D88CACFF4A}.Release|Any CPU.Build.0 = Release|Any CPU
	EndGlobalSection
	GlobalSection(SolutionProperties) = preSolution
		HideSolutionNode = FALSE
	EndGlobalSection
	GlobalSection(ExtensibilityGlobals) = postSolution
		SolutionGuid = {1A7C4228-A99F-4F33-9E2A-A471304A3D71}
	EndGlobalSection
EndGlobal
